{
  "name": "ubx",
  "version": "1.0.0",
  "lockfileVersion": 3,
  "requires": true,
  "packages": {
    "": {
      "name": "ubx",
      "version": "1.0.0",
      "license": "ISC",
      "dependencies": {
        "nmea-simple": "^3.3.0",
        "three": "^0.178.0"
      }
    },
    "node_modules/nmea-simple": {
      "version": "3.3.0",
      "resolved": "https://registry.npmjs.org/nmea-simple/-/nmea-simple-3.3.0.tgz",
      "integrity": "sha512-jYJBoxgYBUAbm2tLv0NeqK4dxhv8hhrf8rhiWGJ3+i0ubv7gn5NGyoMgPEqkE8wKscQrMT9AyA09gtuNR+70ng==",
      "license": "MIT",
      "engines": {
        "node": ">= 8.0.0"
      }
    },
    "node_modules/three": {
      "version": "0.178.0",
      "resolved": "https://registry.npmjs.org/three/-/three-0.178.0.tgz",
      "integrity": "sha512-ybFIB0+x8mz0wnZgSGy2MO/WCO6xZhQSZnmfytSPyNpM0sBafGRVhdaj+erYh5U+RhQOAg/eXqw5uVDiM2BjhQ==",
      "license": "MIT"
    }
  }
}
